{
  "version": 4,
  "terraform_version": "1.12.2",
  "serial": 33,
  "lineage": "59bdc5dd-3569-b32a-d290-4fb9c342a20c",
  "outputs": {
    "adls_account_name": {
      "value": "oracledemostgffglseq4",
      "type": "string"
    },
    "adls_container_oracle_export": {
      "value": "oracle-export",
      "type": "string"
    },
    "data_factory_id": {
      "value": "/subscriptions/9993d533-2f66-4fbf-90ec-2920b3ca6051/resourceGroups/rg-oracle-demo/providers/Microsoft.DataFactory/factories/oracle-demo-adf",
      "type": "string"
    },
    "oracle_connect_dsn": {
      "value": "HOST=172.191.124.183;PORT=1521;SERVICE_NAME=XEPDB1",
      "type": "string"
    },
    "oracle_demo_user": {
      "value": "demo",
      "type": "string"
    },
    "oracle_password_secret_id": {
      "value": "https://oracle-demo-kv-15ki0v.vault.azure.net/secrets/oracle-admin-password/a1ef33668a3e46629820462ce8a14b0c",
      "type": "string",
      "sensitive": true
    },
    "vm_public_ip": {
      "value": "172.191.124.183",
      "type": "string"
    }
  },
  "resources": [
    {
      "mode": "data",
      "type": "azurerm_client_config",
      "name": "current",
      "provider": "provider[\"registry.terraform.io/hashicorp/azurerm\"]",
      "instances": [
        {
          "schema_version": 0,
          "attributes": {
            "client_id": "04b07795-8ddb-461a-bbee-02f9e1bf7b46",
            "id": "Y2xpZW50Q29uZmlncy9jbGllbnRJZD0wNGIwNzc5NS04ZGRiLTQ2MWEtYmJlZS0wMmY5ZTFiZjdiNDY7b2JqZWN0SWQ9ZTUwNzg4YjQtMTBmMi00MzdkLTgzNmEtYWYyYTRmYjg3Yzc2O3N1YnNjcmlwdGlvbklkPTk5OTNkNTMzLTJmNjYtNGZiZi05MGVjLTI5MjBiM2NhNjA1MTt0ZW5hbnRJZD01NzY1MjFkZi0yMzVkLTQ4ZjItYWZmMS0zMDM0MDAwNmEzYmY=",
            "object_id": "e50788b4-10f2-437d-836a-af2a4fb87c76",
            "subscription_id": "9993d533-2f66-4fbf-90ec-2920b3ca6051",
            "tenant_id": "576521df-235d-48f2-aff1-30340006a3bf",
            "timeouts": null
          },
          "sensitive_attributes": [],
          "identity_schema_version": 0
        }
      ]
    },
    {
      "mode": "data",
      "type": "azurerm_role_definition",
      "name": "storage_blob_data_contributor",
      "provider": "provider[\"registry.terraform.io/hashicorp/azurerm\"]",
      "instances": [
        {
          "schema_version": 0,
          "attributes": {
            "assignable_scopes": [
              "/"
            ],
            "description": "Allows for read, write and delete access to Azure Storage blob containers and data",
            "id": "/subscriptions/9993d533-2f66-4fbf-90ec-2920b3ca6051/providers/Microsoft.Authorization/roleDefinitions/ba92f5b4-2d11-453d-a403-e96b0029c9fe",
            "name": "Storage Blob Data Contributor",
            "permissions": [
              {
                "actions": [
                  "Microsoft.Storage/storageAccounts/blobServices/containers/delete",
                  "Microsoft.Storage/storageAccounts/blobServices/containers/read",
                  "Microsoft.Storage/storageAccounts/blobServices/containers/write",
                  "Microsoft.Storage/storageAccounts/blobServices/generateUserDelegationKey/action"
                ],
                "condition": "",
                "condition_version": "",
                "data_actions": [
                  "Microsoft.Storage/storageAccounts/blobServices/containers/blobs/add/action",
                  "Microsoft.Storage/storageAccounts/blobServices/containers/blobs/delete",
                  "Microsoft.Storage/storageAccounts/blobServices/containers/blobs/move/action",
                  "Microsoft.Storage/storageAccounts/blobServices/containers/blobs/read",
                  "Microsoft.Storage/storageAccounts/blobServices/containers/blobs/write"
                ],
                "not_actions": [],
                "not_data_actions": []
              }
            ],
            "role_definition_id": "/subscriptions/9993d533-2f66-4fbf-90ec-2920b3ca6051/providers/Microsoft.Authorization/roleDefinitions/ba92f5b4-2d11-453d-a403-e96b0029c9fe",
            "scope": "/subscriptions/9993d533-2f66-4fbf-90ec-2920b3ca6051/resourceGroups/rg-oracle-demo/providers/Microsoft.Storage/storageAccounts/oracledemostgffglseq4",
            "timeouts": null,
            "type": "BuiltInRole"
          },
          "sensitive_attributes": [],
          "identity_schema_version": 0
        }
      ]
    },
    {
      "mode": "managed",
      "type": "azurerm_data_factory",
      "name": "adf",
      "provider": "provider[\"registry.terraform.io/hashicorp/azurerm\"]",
      "instances": [
        {
          "schema_version": 2,
          "attributes": {
            "customer_managed_key_id": "",
            "customer_managed_key_identity_id": "",
            "github_configuration": [],
            "global_parameter": [],
            "id": "/subscriptions/9993d533-2f66-4fbf-90ec-2920b3ca6051/resourceGroups/rg-oracle-demo/providers/Microsoft.DataFactory/factories/oracle-demo-adf",
            "identity": [
              {
                "identity_ids": [],
                "principal_id": "15cb0396-2c5f-4613-bee7-34cc6130be4e",
                "tenant_id": "576521df-235d-48f2-aff1-30340006a3bf",
                "type": "SystemAssigned"
              }
            ],
            "location": "eastus",
            "managed_virtual_network_enabled": false,
            "name": "oracle-demo-adf",
            "public_network_enabled": true,
            "purview_id": "",
            "resource_group_name": "rg-oracle-demo",
            "tags": {
              "environment": "demo",
              "owner": "carlos",
              "project": "oracle-demo-2"
            },
            "timeouts": null,
            "vsts_configuration": []
          },
          "sensitive_attributes": [],
          "identity_schema_version": 0,
          "private": "eyJlMmJmYjczMC1lY2FhLTExZTYtOGY4OC0zNDM2M2JjN2M0YzAiOnsiY3JlYXRlIjoxODAwMDAwMDAwMDAwLCJkZWxldGUiOjE4MDAwMDAwMDAwMDAsInJlYWQiOjMwMDAwMDAwMDAwMCwidXBkYXRlIjoxODAwMDAwMDAwMDAwfSwic2NoZW1hX3ZlcnNpb24iOiIyIn0=",
          "dependencies": [
            "azurerm_resource_group.rg"
          ]
        }
      ]
    },
    {
      "mode": "managed",
      "type": "azurerm_key_vault",
      "name": "kv",
      "provider": "provider[\"registry.terraform.io/hashicorp/azurerm\"]",
      "instances": [
        {
          "schema_version": 2,
          "attributes": {
            "access_policy": [
              {
                "application_id": "",
                "certificate_permissions": [],
                "key_permissions": [],
                "object_id": "e50788b4-10f2-437d-836a-af2a4fb87c76",
                "secret_permissions": [
                  "Get",
                  "List",
                  "Set",
                  "Delete",
                  "Recover",
                  "Backup",
                  "Restore"
                ],
                "storage_permissions": [],
                "tenant_id": "576521df-235d-48f2-aff1-30340006a3bf"
              }
            ],
            "contact": [],
            "enable_rbac_authorization": false,
            "enabled_for_deployment": false,
            "enabled_for_disk_encryption": false,
            "enabled_for_template_deployment": false,
            "id": "/subscriptions/9993d533-2f66-4fbf-90ec-2920b3ca6051/resourceGroups/rg-oracle-demo/providers/Microsoft.KeyVault/vaults/oracle-demo-kv-15ki0v",
            "location": "eastus",
            "name": "oracle-demo-kv-15ki0v",
            "network_acls": [
              {
                "bypass": "AzureServices",
                "default_action": "Allow",
                "ip_rules": [],
                "virtual_network_subnet_ids": []
              }
            ],
            "public_network_access_enabled": true,
            "purge_protection_enabled": false,
            "resource_group_name": "rg-oracle-demo",
            "sku_name": "standard",
            "soft_delete_retention_days": 7,
            "tags": {
              "environment": "demo",
              "owner": "carlos",
              "project": "oracle-demo-2"
            },
            "tenant_id": "576521df-235d-48f2-aff1-30340006a3bf",
            "timeouts": null,
            "vault_uri": "https://oracle-demo-kv-15ki0v.vault.azure.net/"
          },
          "sensitive_attributes": [],
          "identity_schema_version": 0,
          "private": "eyJlMmJmYjczMC1lY2FhLTExZTYtOGY4OC0zNDM2M2JjN2M0YzAiOnsiY3JlYXRlIjoxODAwMDAwMDAwMDAwLCJkZWxldGUiOjE4MDAwMDAwMDAwMDAsInJlYWQiOjMwMDAwMDAwMDAwMCwidXBkYXRlIjoxODAwMDAwMDAwMDAwfSwic2NoZW1hX3ZlcnNpb24iOiIyIn0=",
          "dependencies": [
            "azurerm_resource_group.rg",
            "data.azurerm_client_config.current",
            "random_string.kv_suffix"
          ]
        }
      ]
    },
    {
      "mode": "managed",
      "type": "azurerm_key_vault_access_policy",
      "name": "adf",
      "provider": "provider[\"registry.terraform.io/hashicorp/azurerm\"]",
      "instances": [
        {
          "schema_version": 0,
          "attributes": {
            "application_id": "",
            "certificate_permissions": [],
            "id": "/subscriptions/9993d533-2f66-4fbf-90ec-2920b3ca6051/resourceGroups/rg-oracle-demo/providers/Microsoft.KeyVault/vaults/oracle-demo-kv-15ki0v/objectId/15cb0396-2c5f-4613-bee7-34cc6130be4e",
            "key_permissions": [],
            "key_vault_id": "/subscriptions/9993d533-2f66-4fbf-90ec-2920b3ca6051/resourceGroups/rg-oracle-demo/providers/Microsoft.KeyVault/vaults/oracle-demo-kv-15ki0v",
            "object_id": "15cb0396-2c5f-4613-bee7-34cc6130be4e",
            "secret_permissions": [
              "Get",
              "List",
              "Set",
              "Delete",
              "Recover",
              "Backup",
              "Restore"
            ],
            "storage_permissions": [],
            "tenant_id": "576521df-235d-48f2-aff1-30340006a3bf",
            "timeouts": null
          },
          "sensitive_attributes": [],
          "identity_schema_version": 0,
          "private": "eyJlMmJmYjczMC1lY2FhLTExZTYtOGY4OC0zNDM2M2JjN2M0YzAiOnsiY3JlYXRlIjoxODAwMDAwMDAwMDAwLCJkZWxldGUiOjE4MDAwMDAwMDAwMDAsInJlYWQiOjMwMDAwMDAwMDAwMCwidXBkYXRlIjoxODAwMDAwMDAwMDAwfX0=",
          "dependencies": [
            "azurerm_data_factory.adf",
            "azurerm_key_vault.kv",
            "azurerm_resource_group.rg",
            "data.azurerm_client_config.current",
            "random_string.kv_suffix"
          ]
        }
      ]
    },
    {
      "mode": "managed",
      "type": "azurerm_key_vault_secret",
      "name": "oracle_pwd",
      "provider": "provider[\"registry.terraform.io/hashicorp/azurerm\"]",
      "instances": [
        {
          "schema_version": 0,
          "attributes": {
            "content_type": "",
            "expiration_date": null,
            "id": "https://oracle-demo-kv-15ki0v.vault.azure.net/secrets/oracle-admin-password/a1ef33668a3e46629820462ce8a14b0c",
            "key_vault_id": "/subscriptions/9993d533-2f66-4fbf-90ec-2920b3ca6051/resourceGroups/rg-oracle-demo/providers/Microsoft.KeyVault/vaults/oracle-demo-kv-15ki0v",
            "name": "oracle-admin-password",
            "not_before_date": null,
            "resource_id": "/subscriptions/9993d533-2f66-4fbf-90ec-2920b3ca6051/resourceGroups/rg-oracle-demo/providers/Microsoft.KeyVault/vaults/oracle-demo-kv-15ki0v/secrets/oracle-admin-password/versions/a1ef33668a3e46629820462ce8a14b0c",
            "resource_versionless_id": "/subscriptions/9993d533-2f66-4fbf-90ec-2920b3ca6051/resourceGroups/rg-oracle-demo/providers/Microsoft.KeyVault/vaults/oracle-demo-kv-15ki0v/secrets/oracle-admin-password",
            "tags": {},
            "timeouts": null,
            "value": "Password135.",
            "value_wo": null,
            "value_wo_version": 0,
            "version": "a1ef33668a3e46629820462ce8a14b0c",
            "versionless_id": "https://oracle-demo-kv-15ki0v.vault.azure.net/secrets/oracle-admin-password"
          },
          "sensitive_attributes": [
            [
              {
                "type": "get_attr",
                "value": "value"
              }
            ]
          ],
          "identity_schema_version": 0,
          "private": "eyJlMmJmYjczMC1lY2FhLTExZTYtOGY4OC0zNDM2M2JjN2M0YzAiOnsiY3JlYXRlIjoxODAwMDAwMDAwMDAwLCJkZWxldGUiOjE4MDAwMDAwMDAwMDAsInJlYWQiOjE4MDAwMDAwMDAwMDAsInVwZGF0ZSI6MTgwMDAwMDAwMDAwMH19",
          "dependencies": [
            "azurerm_key_vault.kv",
            "azurerm_resource_group.rg",
            "data.azurerm_client_config.current",
            "random_string.kv_suffix"
          ]
        }
      ]
    },
    {
      "mode": "managed",
      "type": "azurerm_linux_virtual_machine",
      "name": "vm",
      "provider": "provider[\"registry.terraform.io/hashicorp/azurerm\"]",
      "instances": [
        {
          "schema_version": 0,
          "attributes": {
            "additional_capabilities": [],
            "admin_password": null,
            "admin_ssh_key": [
              {
                "public_key": "ssh-rsa AAAAB3NzaC1yc2EAAAADAQABAAACAQDcwC6dnPZ/NWnC3PqaxXvMzTE2b/aWhVdlxmUxpWv7jl6ux2qbX4QISn5HRW7p+uIlnfhzeVSuccD2jCoFikb38z+axtX8jWBNLRiOV08rdcADlStMS5V+tdn/gdZLxpqFfZ2C2icu01WEIzgC8z8iVUNHk74rumplyVmSb1FsbbYGpjnSvZXhaRH1r/jzMX8fl8Wm1qlyIqg49U2ULIfM9QM3JlBMtE406+RvS5JBu0PcMhP5AZjkLVOeC/bQSaUszkRdHhnj4A2a1gnojP0POOGLVOvnHzcJ0m3iGX2eTi4mJQ2Hpwpxsp3zn98RtoAQVAez5cWo5XTCooymcAMw61bfDGBRRBsYkFDaV93eI3tgoSJXXxhdzgX6xuyFio5KxghcQuyR5z2nI+Xl++iTg5x0UC4JgV3RtCt/zSiGZB9NcCgybQqoOJk900KiouqYql82EHQ3pj+qNR5na0RVC/qfOQ3j9IYclROY8VExFfT7qzbO8YF00O7KdqCoYs6VEYcy6mDNIDtl7U7KI2C44ql4JZMsHR/I/tGrNBT5dc58V24wdMfD6x/y/soGwMeNRIqomIuxKjD+F87dFai7TFAe2tjwy63CeyDaYg+55UmVz+iTF30h2DU3lLNWJ+MlLjpqW7Dt0uOYYbUH5xKAU+nUybKSxpK1tabb+A0pww== carlos@NucBox_K10\r\n",
                "username": "azureuser"
              }
            ],
            "admin_username": "azureuser",
            "allow_extension_operations": true,
            "availability_set_id": "",
            "boot_diagnostics": [],
            "bypass_platform_safety_checks_on_user_schedule_enabled": false,
            "capacity_reservation_group_id": "",
            "computer_name": "oracle-demo-vm",
            "custom_data": "I2Nsb3VkLWNvbmZpZw0KcGFja2FnZV91cGRhdGU6IHRydWUNCnBhY2thZ2VzOg0KICAtIGFwdC10cmFuc3BvcnQtaHR0cHMNCiAgLSBjYS1jZXJ0aWZpY2F0ZXMNCiAgLSBjdXJsDQogIC0gZ251cGcNCiAgLSBsc2ItcmVsZWFzZQ0KcnVuY21kOg0KICAtIHwNCiAgICBzZXQgLWUNCiAgICAjIEluc3RhbGEgRG9ja2VyDQogICAgaW5zdGFsbCAtbSAwNzU1IC1kIC9ldGMvYXB0L2tleXJpbmdzDQogICAgY3VybCAtZnNTTCBodHRwczovL2Rvd25sb2FkLmRvY2tlci5jb20vbGludXgvdWJ1bnR1L2dwZyB8IGdwZyAtLXllcyAtLWRlYXJtb3IgLW8gL2V0Yy9hcHQva2V5cmluZ3MvZG9ja2VyLmdwZw0KICAgIGNobW9kIGErciAvZXRjL2FwdC9rZXlyaW5ncy9kb2NrZXIuZ3BnDQogICAgZWNobyBcDQogICAgICAiZGViIFthcmNoPSQoZHBrZyAtLXByaW50LWFyY2hpdGVjdHVyZSkgc2lnbmVkLWJ5PS9ldGMvYXB0L2tleXJpbmdzL2RvY2tlci5ncGddIGh0dHBzOi8vZG93bmxvYWQuZG9ja2VyLmNvbS9saW51eC91YnVudHUgXA0KICAgICAgJCguIC9ldGMvb3MtcmVsZWFzZSAmJiBlY2hvICRWRVJTSU9OX0NPREVOQU1FKSBzdGFibGUiIHwgdGVlIC9ldGMvYXB0L3NvdXJjZXMubGlzdC5kL2RvY2tlci5saXN0ID4gL2Rldi9udWxsDQogICAgYXB0LWdldCB1cGRhdGUgLXkNCiAgICBhcHQtZ2V0IGluc3RhbGwgLXkgZG9ja2VyLWNlIGRvY2tlci1jZS1jbGkgY29udGFpbmVyZC5pbyBkb2NrZXItYnVpbGR4LXBsdWdpbiBkb2NrZXItY29tcG9zZS1wbHVnaW4NCg0KICAgIHN5c3RlbWN0bCBlbmFibGUgZG9ja2VyDQogICAgc3lzdGVtY3RsIHN0YXJ0IGRvY2tlcg0KDQogICAgIyBFamVjdXRhciBPcmFjbGUgWEUgKGNvbnRyYXNlw7FhIGRlc2RlIHZhcmlhYmxlIGlueWVjdGFkYSkNCiAgICBPUkFDTEVfUFdEPSJQYXNzd29yZDEzNS4iDQogICAgZG9ja2VyIHB1bGwgZ3ZlbnpsL29yYWNsZS14ZToyMQ0KICAgIGRvY2tlciBydW4gLWQgLS1uYW1lIG9yYWNsZS14ZSBcDQogICAgICAtcCAxNTIxOjE1MjEgLXAgNTUwMDo1NTAwIFwNCiAgICAgIC1lIE9SQUNMRV9QQVNTV09SRD0iJE9SQUNMRV9QV0QiIFwNCiAgICAgIC1lIEFQUF9VU0VSPWRlbW8gLWUgQVBQX1VTRVJfUEFTU1dPUkQ9IiRPUkFDTEVfUFdEIiBcDQogICAgICAtLXJlc3RhcnQgYWx3YXlzIGd2ZW56bC9vcmFjbGUteGU6MjENCg0KICAgICMgRXNwZXJhIGluaWNpYWwgeSBjcmVhIHRhYmxhIGRlIG11ZXN0cmENCiAgICBlY2hvICJFc3BlcmFuZG8gYSBxdWUgT3JhY2xlIGluaWNpYWxpY2UgKDkwcykuLi4iICYmIHNsZWVwIDkwDQoNCiAgICAjIEluc3RhbGEgc3FscGx1cyBsaWdlcm8gKGluc3RhbnRjbGllbnQpIHBhcmEgcG9ibGFyIGRlbW8gKG9wY2lvbmFsKQ0KICAgIGFwdC1nZXQgaW5zdGFsbCAteSB3Z2V0IHVuemlwIGxpYmFpbzENCiAgICBjZCAvdG1wDQogICAgd2dldCBodHRwczovL2Rvd25sb2FkLm9yYWNsZS5jb20vb3RuX3NvZnR3YXJlL2xpbnV4L2luc3RhbnRjbGllbnQvMjE5MDAwL2luc3RhbnRjbGllbnQtYmFzaWNsaXRlLWxpbnV4Lng2NC0yMS45LjAuMC4wZGJydS56aXANCiAgICB1bnppcCBpbnN0YW50Y2xpZW50LWJhc2ljbGl0ZS1saW51eC54NjQtMjEuOS4wLjAuMGRicnUuemlwIC1kIC9vcHQNCiAgICBlY2hvIC9vcHQvaW5zdGFudGNsaWVudF8yMV85ID4gL2V0Yy9sZC5zby5jb25mLmQvb3JhY2xlLWluc3RhbnRjbGllbnQuY29uZg0KICAgIGxkY29uZmlnDQoNCiAgICAjIENyZWEgdGFibGEgeSBkYXRvcyBkZSBlamVtcGxvIHVzYW5kbyBkb2NrZXIgZXhlYyArIHNxbHBsdXMgZGVudHJvIGRlbCBjb250ZW5lZG9yDQogICAgZG9ja2VyIGV4ZWMgb3JhY2xlLXhlIGJhc2ggLWxjICJzb3VyY2UgL2hvbWUvb3JhY2xlLy5iYXNocmM7IGVjaG8gXCINCiAgICBDT05ORUNUIGRlbW8vJE9SQUNMRV9QV0RAbG9jYWxob3N0L1hFUERCMQ0KICAgIENSRUFURSBUQUJMRSBlbXBsb3llZXNfZGVtbyAoZW1wbG95ZWVfaWQgTlVNQkVSIFBSSU1BUlkgS0VZLCBmaXJzdF9uYW1lIFZBUkNIQVIyKDUwKSwgbGFzdF9uYW1lIFZBUkNIQVIyKDUwKSwgc2FsYXJ5IE5VTUJFUik7DQogICAgSU5TRVJUIElOVE8gZW1wbG95ZWVzX2RlbW8gVkFMVUVTICgxLCdBZGEnLCdMb3ZlbGFjZScsMTcwMDAwKTsNCiAgICBJTlNFUlQgSU5UTyBlbXBsb3llZXNfZGVtbyBWQUxVRVMgKDIsJ0dyYWNlJywnSG9wcGVyJywxNjUwMDApOw0KICAgIElOU0VSVCBJTlRPIGVtcGxveWVlc19kZW1vIFZBTFVFUyAoMywnTGludXMnLCdUb3J2YWxkcycsMTgwMDAwKTsNCiAgICBDT01NSVQ7DQogICAgRVhJVA0KICAgIFwiIHwgc3FscGx1cyAtcyAvbm9sb2ciDQoNCiAgICBlY2hvICJPcmFjbGUgWEUgbGlzdG8uIg0K",
            "dedicated_host_group_id": "",
            "dedicated_host_id": "",
            "disable_password_authentication": true,
            "disk_controller_type": "",
            "edge_zone": "",
            "encryption_at_host_enabled": false,
            "eviction_policy": "",
            "extensions_time_budget": "PT1H30M",
            "gallery_application": [],
            "id": "/subscriptions/9993d533-2f66-4fbf-90ec-2920b3ca6051/resourceGroups/rg-oracle-demo/providers/Microsoft.Compute/virtualMachines/oracle-demo-vm",
            "identity": [
              {
                "identity_ids": [],
                "principal_id": "4de9b84b-f285-4e3a-9139-0589e18d9904",
                "tenant_id": "576521df-235d-48f2-aff1-30340006a3bf",
                "type": "SystemAssigned"
              }
            ],
            "license_type": "",
            "location": "eastus",
            "max_bid_price": -1,
            "name": "oracle-demo-vm",
            "network_interface_ids": [
              "/subscriptions/9993d533-2f66-4fbf-90ec-2920b3ca6051/resourceGroups/rg-oracle-demo/providers/Microsoft.Network/networkInterfaces/oracle-demo-nic"
            ],
            "os_disk": [
              {
                "caching": "ReadWrite",
                "diff_disk_settings": [],
                "disk_encryption_set_id": "",
                "disk_size_gb": 64,
                "id": "/subscriptions/9993d533-2f66-4fbf-90ec-2920b3ca6051/resourceGroups/rg-oracle-demo/providers/Microsoft.Compute/disks/oracle-demo-osdisk",
                "name": "oracle-demo-osdisk",
                "secure_vm_disk_encryption_set_id": "",
                "security_encryption_type": "",
                "storage_account_type": "Premium_LRS",
                "write_accelerator_enabled": false
              }
            ],
            "os_image_notification": [],
            "patch_assessment_mode": "ImageDefault",
            "patch_mode": "ImageDefault",
            "plan": [],
            "platform_fault_domain": -1,
            "priority": "Regular",
            "private_ip_address": "10.80.1.4",
            "private_ip_addresses": [
              "10.80.1.4"
            ],
            "provision_vm_agent": true,
            "proximity_placement_group_id": "",
            "public_ip_address": "172.191.124.183",
            "public_ip_addresses": [
              "172.191.124.183"
            ],
            "reboot_setting": "",
            "resource_group_name": "rg-oracle-demo",
            "secret": [],
            "secure_boot_enabled": false,
            "size": "Standard_B2ms",
            "source_image_id": "",
            "source_image_reference": [
              {
                "offer": "0001-com-ubuntu-server-jammy",
                "publisher": "Canonical",
                "sku": "22_04-lts",
                "version": "latest"
              }
            ],
            "tags": {
              "environment": "demo",
              "owner": "carlos",
              "project": "oracle-demo-2"
            },
            "termination_notification": [],
            "timeouts": null,
            "user_data": "",
            "virtual_machine_id": "96a27693-e75c-463a-b9bc-7b2e0bff3599",
            "virtual_machine_scale_set_id": "",
            "vm_agent_platform_updates_enabled": false,
            "vtpm_enabled": false,
            "zone": ""
          },
          "sensitive_attributes": [
            [
              {
                "type": "get_attr",
                "value": "admin_password"
              }
            ],
            [
              {
                "type": "get_attr",
                "value": "custom_data"
              }
            ]
          ],
          "identity_schema_version": 0,
          "private": "eyJlMmJmYjczMC1lY2FhLTExZTYtOGY4OC0zNDM2M2JjN2M0YzAiOnsiY3JlYXRlIjoyNzAwMDAwMDAwMDAwLCJkZWxldGUiOjI3MDAwMDAwMDAwMDAsInJlYWQiOjMwMDAwMDAwMDAwMCwidXBkYXRlIjoyNzAwMDAwMDAwMDAwfX0=",
          "dependencies": [
            "azurerm_network_interface.nic",
            "azurerm_public_ip.pip",
            "azurerm_resource_group.rg",
            "azurerm_subnet.snet",
            "azurerm_virtual_network.vnet"
          ]
        }
      ]
    },
    {
      "mode": "managed",
      "type": "azurerm_network_interface",
      "name": "nic",
      "provider": "provider[\"registry.terraform.io/hashicorp/azurerm\"]",
      "instances": [
        {
          "schema_version": 0,
          "attributes": {
            "accelerated_networking_enabled": false,
            "applied_dns_servers": [],
            "auxiliary_mode": "",
            "auxiliary_sku": "",
            "dns_servers": [],
            "edge_zone": "",
            "id": "/subscriptions/9993d533-2f66-4fbf-90ec-2920b3ca6051/resourceGroups/rg-oracle-demo/providers/Microsoft.Network/networkInterfaces/oracle-demo-nic",
            "internal_dns_name_label": "",
            "internal_domain_name_suffix": "1dashhvouqyerpsgcpciul5bjh.bx.internal.cloudapp.net",
            "ip_configuration": [
              {
                "gateway_load_balancer_frontend_ip_configuration_id": "",
                "name": "ipconfig1",
                "primary": true,
                "private_ip_address": "10.80.1.4",
                "private_ip_address_allocation": "Dynamic",
                "private_ip_address_version": "IPv4",
                "public_ip_address_id": "/subscriptions/9993d533-2f66-4fbf-90ec-2920b3ca6051/resourceGroups/rg-oracle-demo/providers/Microsoft.Network/publicIPAddresses/oracle-demo-pip",
                "subnet_id": "/subscriptions/9993d533-2f66-4fbf-90ec-2920b3ca6051/resourceGroups/rg-oracle-demo/providers/Microsoft.Network/virtualNetworks/oracle-demo-vnet/subnets/oracle-demo-subnet"
              }
            ],
            "ip_forwarding_enabled": false,
            "location": "eastus",
            "mac_address": "7C-1E-52-47-18-64",
            "name": "oracle-demo-nic",
            "private_ip_address": "10.80.1.4",
            "private_ip_addresses": [
              "10.80.1.4"
            ],
            "resource_group_name": "rg-oracle-demo",
            "tags": {
              "environment": "demo",
              "owner": "carlos",
              "project": "oracle-demo-2"
            },
            "timeouts": null,
            "virtual_machine_id": "/subscriptions/9993d533-2f66-4fbf-90ec-2920b3ca6051/resourceGroups/rg-oracle-demo/providers/Microsoft.Compute/virtualMachines/oracle-demo-vm"
          },
          "sensitive_attributes": [],
          "identity_schema_version": 0,
          "identity": {
            "name": "oracle-demo-nic",
            "resource_group_name": "rg-oracle-demo",
            "subscription_id": "9993d533-2f66-4fbf-90ec-2920b3ca6051"
          },
          "private": "eyJlMmJmYjczMC1lY2FhLTExZTYtOGY4OC0zNDM2M2JjN2M0YzAiOnsiY3JlYXRlIjoxODAwMDAwMDAwMDAwLCJkZWxldGUiOjE4MDAwMDAwMDAwMDAsInJlYWQiOjMwMDAwMDAwMDAwMCwidXBkYXRlIjoxODAwMDAwMDAwMDAwfX0=",
          "dependencies": [
            "azurerm_public_ip.pip",
            "azurerm_resource_group.rg",
            "azurerm_subnet.snet",
            "azurerm_virtual_network.vnet"
          ]
        }
      ]
    },
    {
      "mode": "managed",
      "type": "azurerm_network_interface_security_group_association",
      "name": "nic_nsg",
      "provider": "provider[\"registry.terraform.io/hashicorp/azurerm\"]",
      "instances": [
        {
          "schema_version": 0,
          "attributes": {
            "id": "/subscriptions/9993d533-2f66-4fbf-90ec-2920b3ca6051/resourceGroups/rg-oracle-demo/providers/Microsoft.Network/networkInterfaces/oracle-demo-nic|/subscriptions/9993d533-2f66-4fbf-90ec-2920b3ca6051/resourceGroups/rg-oracle-demo/providers/Microsoft.Network/networkSecurityGroups/oracle-demo-nsg",
            "network_interface_id": "/subscriptions/9993d533-2f66-4fbf-90ec-2920b3ca6051/resourceGroups/rg-oracle-demo/providers/Microsoft.Network/networkInterfaces/oracle-demo-nic",
            "network_security_group_id": "/subscriptions/9993d533-2f66-4fbf-90ec-2920b3ca6051/resourceGroups/rg-oracle-demo/providers/Microsoft.Network/networkSecurityGroups/oracle-demo-nsg",
            "timeouts": null
          },
          "sensitive_attributes": [],
          "identity_schema_version": 0,
          "private": "eyJlMmJmYjczMC1lY2FhLTExZTYtOGY4OC0zNDM2M2JjN2M0YzAiOnsiY3JlYXRlIjoxODAwMDAwMDAwMDAwLCJkZWxldGUiOjE4MDAwMDAwMDAwMDAsInJlYWQiOjMwMDAwMDAwMDAwMH19",
          "dependencies": [
            "azurerm_network_interface.nic",
            "azurerm_network_security_group.nsg",
            "azurerm_public_ip.pip",
            "azurerm_resource_group.rg",
            "azurerm_subnet.snet",
            "azurerm_virtual_network.vnet"
          ]
        }
      ]
    },
    {
      "mode": "managed",
      "type": "azurerm_network_security_group",
      "name": "nsg",
      "provider": "provider[\"registry.terraform.io/hashicorp/azurerm\"]",
      "instances": [
        {
          "schema_version": 0,
          "attributes": {
            "id": "/subscriptions/9993d533-2f66-4fbf-90ec-2920b3ca6051/resourceGroups/rg-oracle-demo/providers/Microsoft.Network/networkSecurityGroups/oracle-demo-nsg",
            "location": "eastus",
            "name": "oracle-demo-nsg",
            "resource_group_name": "rg-oracle-demo",
            "security_rule": [
              {
                "access": "Allow",
                "description": "",
                "destination_address_prefix": "*",
                "destination_address_prefixes": [],
                "destination_application_security_group_ids": [],
                "destination_port_range": "1521",
                "destination_port_ranges": [],
                "direction": "Inbound",
                "name": "Allow-Oracle-1521",
                "priority": 110,
                "protocol": "Tcp",
                "source_address_prefix": "*",
                "source_address_prefixes": [],
                "source_application_security_group_ids": [],
                "source_port_range": "*",
                "source_port_ranges": []
              },
              {
                "access": "Allow",
                "description": "",
                "destination_address_prefix": "*",
                "destination_address_prefixes": [],
                "destination_application_security_group_ids": [],
                "destination_port_range": "22",
                "destination_port_ranges": [],
                "direction": "Inbound",
                "name": "Allow-SSH-From-MyIP",
                "priority": 100,
                "protocol": "Tcp",
                "source_address_prefix": "190.32.18.146/32",
                "source_address_prefixes": [],
                "source_application_security_group_ids": [],
                "source_port_range": "*",
                "source_port_ranges": []
              },
              {
                "access": "Allow",
                "description": "",
                "destination_address_prefix": "Internet",
                "destination_address_prefixes": [],
                "destination_application_security_group_ids": [],
                "destination_port_range": "*",
                "destination_port_ranges": [],
                "direction": "Outbound",
                "name": "Allow-Internet-Out",
                "priority": 200,
                "protocol": "*",
                "source_address_prefix": "*",
                "source_address_prefixes": [],
                "source_application_security_group_ids": [],
                "source_port_range": "*",
                "source_port_ranges": []
              },
              {
                "access": "Deny",
                "description": "",
                "destination_address_prefix": "*",
                "destination_address_prefixes": [],
                "destination_application_security_group_ids": [],
                "destination_port_range": "*",
                "destination_port_ranges": [],
                "direction": "Inbound",
                "name": "Deny-All-In",
                "priority": 4096,
                "protocol": "*",
                "source_address_prefix": "*",
                "source_address_prefixes": [],
                "source_application_security_group_ids": [],
                "source_port_range": "*",
                "source_port_ranges": []
              }
            ],
            "tags": {
              "environment": "demo",
              "owner": "carlos",
              "project": "oracle-demo-2"
            },
            "timeouts": null
          },
          "sensitive_attributes": [],
          "identity_schema_version": 0,
          "identity": {
            "name": "oracle-demo-nsg",
            "resource_group_name": "rg-oracle-demo",
            "subscription_id": "9993d533-2f66-4fbf-90ec-2920b3ca6051"
          },
          "private": "eyJlMmJmYjczMC1lY2FhLTExZTYtOGY4OC0zNDM2M2JjN2M0YzAiOnsiY3JlYXRlIjoxODAwMDAwMDAwMDAwLCJkZWxldGUiOjE4MDAwMDAwMDAwMDAsInJlYWQiOjMwMDAwMDAwMDAwMCwidXBkYXRlIjoxODAwMDAwMDAwMDAwfX0=",
          "dependencies": [
            "azurerm_resource_group.rg"
          ]
        }
      ]
    },
    {
      "mode": "managed",
      "type": "azurerm_public_ip",
      "name": "pip",
      "provider": "provider[\"registry.terraform.io/hashicorp/azurerm\"]",
      "instances": [
        {
          "schema_version": 0,
          "attributes": {
            "allocation_method": "Static",
            "ddos_protection_mode": "VirtualNetworkInherited",
            "ddos_protection_plan_id": null,
            "domain_name_label": null,
            "domain_name_label_scope": null,
            "edge_zone": "",
            "fqdn": null,
            "id": "/subscriptions/9993d533-2f66-4fbf-90ec-2920b3ca6051/resourceGroups/rg-oracle-demo/providers/Microsoft.Network/publicIPAddresses/oracle-demo-pip",
            "idle_timeout_in_minutes": 4,
            "ip_address": "172.191.124.183",
            "ip_tags": {},
            "ip_version": "IPv4",
            "location": "eastus",
            "name": "oracle-demo-pip",
            "public_ip_prefix_id": null,
            "resource_group_name": "rg-oracle-demo",
            "reverse_fqdn": null,
            "sku": "Standard",
            "sku_tier": "Regional",
            "tags": {
              "environment": "demo",
              "owner": "carlos",
              "project": "oracle-demo-2"
            },
            "timeouts": null,
            "zones": []
          },
          "sensitive_attributes": [],
          "identity_schema_version": 0,
          "private": "eyJlMmJmYjczMC1lY2FhLTExZTYtOGY4OC0zNDM2M2JjN2M0YzAiOnsiY3JlYXRlIjoxODAwMDAwMDAwMDAwLCJkZWxldGUiOjE4MDAwMDAwMDAwMDAsInJlYWQiOjMwMDAwMDAwMDAwMCwidXBkYXRlIjoxODAwMDAwMDAwMDAwfX0=",
          "dependencies": [
            "azurerm_resource_group.rg"
          ]
        }
      ]
    },
    {
      "mode": "managed",
      "type": "azurerm_resource_group",
      "name": "rg",
      "provider": "provider[\"registry.terraform.io/hashicorp/azurerm\"]",
      "instances": [
        {
          "schema_version": 0,
          "attributes": {
            "id": "/subscriptions/9993d533-2f66-4fbf-90ec-2920b3ca6051/resourceGroups/rg-oracle-demo",
            "location": "eastus",
            "managed_by": "",
            "name": "rg-oracle-demo",
            "tags": {
              "environment": "demo",
              "owner": "carlos",
              "project": "oracle-demo-2"
            },
            "timeouts": null
          },
          "sensitive_attributes": [],
          "identity_schema_version": 0,
          "private": "eyJlMmJmYjczMC1lY2FhLTExZTYtOGY4OC0zNDM2M2JjN2M0YzAiOnsiY3JlYXRlIjo1NDAwMDAwMDAwMDAwLCJkZWxldGUiOjU0MDAwMDAwMDAwMDAsInJlYWQiOjMwMDAwMDAwMDAwMCwidXBkYXRlIjo1NDAwMDAwMDAwMDAwfX0="
        }
      ]
    },
    {
      "mode": "managed",
      "type": "azurerm_storage_account",
      "name": "stg",
      "provider": "provider[\"registry.terraform.io/hashicorp/azurerm\"]",
      "instances": [
        {
          "schema_version": 4,
          "attributes": {
            "access_tier": "Hot",
            "account_kind": "StorageV2",
            "account_replication_type": "LRS",
            "account_tier": "Standard",
            "allow_nested_items_to_be_public": true,
            "allowed_copy_scope": "",
            "azure_files_authentication": [],
            "blob_properties": [
              {
                "change_feed_enabled": false,
                "change_feed_retention_in_days": 0,
                "container_delete_retention_policy": [],
                "cors_rule": [],
                "default_service_version": "",
                "delete_retention_policy": [],
                "last_access_time_enabled": false,
                "restore_policy": [],
                "versioning_enabled": false
              }
            ],
            "cross_tenant_replication_enabled": false,
            "custom_domain": [],
            "customer_managed_key": [],
            "default_to_oauth_authentication": false,
            "dns_endpoint_type": "Standard",
            "edge_zone": "",
            "https_traffic_only_enabled": true,
            "id": "/subscriptions/9993d533-2f66-4fbf-90ec-2920b3ca6051/resourceGroups/rg-oracle-demo/providers/Microsoft.Storage/storageAccounts/oracledemostgffglseq4",
            "identity": [],
            "immutability_policy": [],
            "infrastructure_encryption_enabled": false,
            "is_hns_enabled": true,
            "large_file_share_enabled": false,
            "local_user_enabled": true,
            "location": "eastus",
            "min_tls_version": "TLS1_2",
            "name": "oracledemostgffglseq4",
            "network_rules": [],
            "nfsv3_enabled": false,
            "primary_access_key": "ulKL4puxEi424qh7CyLKWUyRwwEq+ZsMt0P41G7mURGg0O74VNPVVBP+JtVwOx0xOyJcQff36HEi+AStKemVYg==",
            "primary_blob_connection_string": "DefaultEndpointsProtocol=https;BlobEndpoint=https://oracledemostgffglseq4.blob.core.windows.net/;AccountName=oracledemostgffglseq4;AccountKey=ulKL4puxEi424qh7CyLKWUyRwwEq+ZsMt0P41G7mURGg0O74VNPVVBP+JtVwOx0xOyJcQff36HEi+AStKemVYg==",
            "primary_blob_endpoint": "https://oracledemostgffglseq4.blob.core.windows.net/",
            "primary_blob_host": "oracledemostgffglseq4.blob.core.windows.net",
            "primary_blob_internet_endpoint": "",
            "primary_blob_internet_host": "",
            "primary_blob_microsoft_endpoint": "",
            "primary_blob_microsoft_host": "",
            "primary_connection_string": "DefaultEndpointsProtocol=https;AccountName=oracledemostgffglseq4;AccountKey=ulKL4puxEi424qh7CyLKWUyRwwEq+ZsMt0P41G7mURGg0O74VNPVVBP+JtVwOx0xOyJcQff36HEi+AStKemVYg==;EndpointSuffix=core.windows.net",
            "primary_dfs_endpoint": "https://oracledemostgffglseq4.dfs.core.windows.net/",
            "primary_dfs_host": "oracledemostgffglseq4.dfs.core.windows.net",
            "primary_dfs_internet_endpoint": "",
            "primary_dfs_internet_host": "",
            "primary_dfs_microsoft_endpoint": "",
            "primary_dfs_microsoft_host": "",
            "primary_file_endpoint": "https://oracledemostgffglseq4.file.core.windows.net/",
            "primary_file_host": "oracledemostgffglseq4.file.core.windows.net",
            "primary_file_internet_endpoint": "",
            "primary_file_internet_host": "",
            "primary_file_microsoft_endpoint": "",
            "primary_file_microsoft_host": "",
            "primary_location": "eastus",
            "primary_queue_endpoint": "https://oracledemostgffglseq4.queue.core.windows.net/",
            "primary_queue_host": "oracledemostgffglseq4.queue.core.windows.net",
            "primary_queue_microsoft_endpoint": "",
            "primary_queue_microsoft_host": "",
            "primary_table_endpoint": "https://oracledemostgffglseq4.table.core.windows.net/",
            "primary_table_host": "oracledemostgffglseq4.table.core.windows.net",
            "primary_table_microsoft_endpoint": "",
            "primary_table_microsoft_host": "",
            "primary_web_endpoint": "https://oracledemostgffglseq4.z13.web.core.windows.net/",
            "primary_web_host": "oracledemostgffglseq4.z13.web.core.windows.net",
            "primary_web_internet_endpoint": "",
            "primary_web_internet_host": "",
            "primary_web_microsoft_endpoint": "",
            "primary_web_microsoft_host": "",
            "provisioned_billing_model_version": "",
            "public_network_access_enabled": true,
            "queue_encryption_key_type": "Service",
            "queue_properties": [
              {
                "cors_rule": [],
                "hour_metrics": [
                  {
                    "enabled": false,
                    "include_apis": false,
                    "retention_policy_days": 0,
                    "version": "1.0"
                  }
                ],
                "logging": [
                  {
                    "delete": false,
                    "read": false,
                    "retention_policy_days": 0,
                    "version": "1.0",
                    "write": false
                  }
                ],
                "minute_metrics": [
                  {
                    "enabled": false,
                    "include_apis": false,
                    "retention_policy_days": 0,
                    "version": "1.0"
                  }
                ]
              }
            ],
            "resource_group_name": "rg-oracle-demo",
            "routing": [],
            "sas_policy": [],
            "secondary_access_key": "dolI2or5gJUXArI9gDhCJPVHmGtqP+SLW1C58ttFFtcCIG3XWVyC9/vbXoZn+oFkgHztugS3gE05+AStnzh76Q==",
            "secondary_blob_connection_string": "",
            "secondary_blob_endpoint": "",
            "secondary_blob_host": "",
            "secondary_blob_internet_endpoint": "",
            "secondary_blob_internet_host": "",
            "secondary_blob_microsoft_endpoint": "",
            "secondary_blob_microsoft_host": "",
            "secondary_connection_string": "DefaultEndpointsProtocol=https;AccountName=oracledemostgffglseq4;AccountKey=dolI2or5gJUXArI9gDhCJPVHmGtqP+SLW1C58ttFFtcCIG3XWVyC9/vbXoZn+oFkgHztugS3gE05+AStnzh76Q==;EndpointSuffix=core.windows.net",
            "secondary_dfs_endpoint": "",
            "secondary_dfs_host": "",
            "secondary_dfs_internet_endpoint": "",
            "secondary_dfs_internet_host": "",
            "secondary_dfs_microsoft_endpoint": "",
            "secondary_dfs_microsoft_host": "",
            "secondary_file_endpoint": "",
            "secondary_file_host": "",
            "secondary_file_internet_endpoint": "",
            "secondary_file_internet_host": "",
            "secondary_file_microsoft_endpoint": "",
            "secondary_file_microsoft_host": "",
            "secondary_location": "",
            "secondary_queue_endpoint": "",
            "secondary_queue_host": "",
            "secondary_queue_microsoft_endpoint": "",
            "secondary_queue_microsoft_host": "",
            "secondary_table_endpoint": "",
            "secondary_table_host": "",
            "secondary_table_microsoft_endpoint": "",
            "secondary_table_microsoft_host": "",
            "secondary_web_endpoint": "",
            "secondary_web_host": "",
            "secondary_web_internet_endpoint": "",
            "secondary_web_internet_host": "",
            "secondary_web_microsoft_endpoint": "",
            "secondary_web_microsoft_host": "",
            "sftp_enabled": false,
            "share_properties": [
              {
                "cors_rule": [],
                "retention_policy": [
                  {
                    "days": 7
                  }
                ],
                "smb": []
              }
            ],
            "shared_access_key_enabled": true,
            "static_website": [],
            "table_encryption_key_type": "Service",
            "tags": {
              "environment": "demo",
              "owner": "carlos",
              "project": "oracle-demo-2"
            },
            "timeouts": null
          },
          "sensitive_attributes": [
            [
              {
                "type": "get_attr",
                "value": "primary_access_key"
              }
            ],
            [
              {
                "type": "get_attr",
                "value": "primary_blob_connection_string"
              }
            ],
            [
              {
                "type": "get_attr",
                "value": "primary_connection_string"
              }
            ],
            [
              {
                "type": "get_attr",
                "value": "secondary_access_key"
              }
            ],
            [
              {
                "type": "get_attr",
                "value": "secondary_blob_connection_string"
              }
            ],
            [
              {
                "type": "get_attr",
                "value": "secondary_connection_string"
              }
            ]
          ],
          "identity_schema_version": 0,
          "identity": {
            "name": "oracledemostgffglseq4",
            "resource_group_name": "rg-oracle-demo",
            "subscription_id": "9993d533-2f66-4fbf-90ec-2920b3ca6051"
          },
          "private": "eyJlMmJmYjczMC1lY2FhLTExZTYtOGY4OC0zNDM2M2JjN2M0YzAiOnsiY3JlYXRlIjozNjAwMDAwMDAwMDAwLCJkZWxldGUiOjM2MDAwMDAwMDAwMDAsInJlYWQiOjMwMDAwMDAwMDAwMCwidXBkYXRlIjozNjAwMDAwMDAwMDAwfSwic2NoZW1hX3ZlcnNpb24iOiI0In0=",
          "dependencies": [
            "azurerm_resource_group.rg",
            "random_string.stg"
          ]
        }
      ]
    },
    {
      "mode": "managed",
      "type": "azurerm_storage_container",
      "name": "export",
      "provider": "provider[\"registry.terraform.io/hashicorp/azurerm\"]",
      "instances": [
        {
          "schema_version": 1,
          "attributes": {
            "container_access_type": "private",
            "default_encryption_scope": "$account-encryption-key",
            "encryption_scope_override_enabled": true,
            "has_immutability_policy": false,
            "has_legal_hold": false,
            "id": "/subscriptions/9993d533-2f66-4fbf-90ec-2920b3ca6051/resourceGroups/rg-oracle-demo/providers/Microsoft.Storage/storageAccounts/oracledemostgffglseq4/blobServices/default/containers/oracle-export",
            "metadata": {},
            "name": "oracle-export",
            "resource_manager_id": "/subscriptions/9993d533-2f66-4fbf-90ec-2920b3ca6051/resourceGroups/rg-oracle-demo/providers/Microsoft.Storage/storageAccounts/oracledemostgffglseq4/blobServices/default/containers/oracle-export",
            "storage_account_id": "/subscriptions/9993d533-2f66-4fbf-90ec-2920b3ca6051/resourceGroups/rg-oracle-demo/providers/Microsoft.Storage/storageAccounts/oracledemostgffglseq4",
            "storage_account_name": "",
            "timeouts": null
          },
          "sensitive_attributes": [],
          "identity_schema_version": 0,
          "private": "eyJlMmJmYjczMC1lY2FhLTExZTYtOGY4OC0zNDM2M2JjN2M0YzAiOnsiY3JlYXRlIjoxODAwMDAwMDAwMDAwLCJkZWxldGUiOjE4MDAwMDAwMDAwMDAsInJlYWQiOjMwMDAwMDAwMDAwMCwidXBkYXRlIjoxODAwMDAwMDAwMDAwfSwic2NoZW1hX3ZlcnNpb24iOiIxIn0=",
          "dependencies": [
            "azurerm_resource_group.rg",
            "azurerm_storage_account.stg",
            "random_string.stg"
          ]
        }
      ]
    },
    {
      "mode": "managed",
      "type": "azurerm_subnet",
      "name": "snet",
      "provider": "provider[\"registry.terraform.io/hashicorp/azurerm\"]",
      "instances": [
        {
          "schema_version": 0,
          "attributes": {
            "address_prefixes": [
              "10.80.1.0/24"
            ],
            "default_outbound_access_enabled": true,
            "delegation": [],
            "id": "/subscriptions/9993d533-2f66-4fbf-90ec-2920b3ca6051/resourceGroups/rg-oracle-demo/providers/Microsoft.Network/virtualNetworks/oracle-demo-vnet/subnets/oracle-demo-subnet",
            "ip_address_pool": [],
            "name": "oracle-demo-subnet",
            "private_endpoint_network_policies": "Disabled",
            "private_link_service_network_policies_enabled": true,
            "resource_group_name": "rg-oracle-demo",
            "service_endpoint_policy_ids": [],
            "service_endpoints": [],
            "timeouts": null,
            "virtual_network_name": "oracle-demo-vnet"
          },
          "sensitive_attributes": [],
          "identity_schema_version": 0,
          "identity": {
            "name": "oracle-demo-subnet",
            "resource_group_name": "rg-oracle-demo",
            "subscription_id": "9993d533-2f66-4fbf-90ec-2920b3ca6051",
            "virtual_network_name": "oracle-demo-vnet"
          },
          "private": "eyJlMmJmYjczMC1lY2FhLTExZTYtOGY4OC0zNDM2M2JjN2M0YzAiOnsiY3JlYXRlIjoxODAwMDAwMDAwMDAwLCJkZWxldGUiOjE4MDAwMDAwMDAwMDAsInJlYWQiOjMwMDAwMDAwMDAwMCwidXBkYXRlIjoxODAwMDAwMDAwMDAwfX0=",
          "dependencies": [
            "azurerm_resource_group.rg",
            "azurerm_virtual_network.vnet"
          ]
        }
      ]
    },
    {
      "mode": "managed",
      "type": "azurerm_virtual_network",
      "name": "vnet",
      "provider": "provider[\"registry.terraform.io/hashicorp/azurerm\"]",
      "instances": [
        {
          "schema_version": 0,
          "attributes": {
            "address_space": [
              "10.80.0.0/16"
            ],
            "bgp_community": "",
            "ddos_protection_plan": [],
            "dns_servers": [],
            "edge_zone": "",
            "encryption": [],
            "flow_timeout_in_minutes": 0,
            "guid": "9e23c1d8-a4ae-4830-be46-13c48a2fe14f",
            "id": "/subscriptions/9993d533-2f66-4fbf-90ec-2920b3ca6051/resourceGroups/rg-oracle-demo/providers/Microsoft.Network/virtualNetworks/oracle-demo-vnet",
            "ip_address_pool": [],
            "location": "eastus",
            "name": "oracle-demo-vnet",
            "private_endpoint_vnet_policies": "Disabled",
            "resource_group_name": "rg-oracle-demo",
            "subnet": [
              {
                "address_prefixes": [
                  "10.80.1.0/24"
                ],
                "default_outbound_access_enabled": true,
                "delegation": [],
                "id": "/subscriptions/9993d533-2f66-4fbf-90ec-2920b3ca6051/resourceGroups/rg-oracle-demo/providers/Microsoft.Network/virtualNetworks/oracle-demo-vnet/subnets/oracle-demo-subnet",
                "name": "oracle-demo-subnet",
                "private_endpoint_network_policies": "Disabled",
                "private_link_service_network_policies_enabled": true,
                "route_table_id": "",
                "security_group": "",
                "service_endpoint_policy_ids": [],
                "service_endpoints": []
              }
            ],
            "tags": {
              "environment": "demo",
              "owner": "carlos",
              "project": "oracle-demo-2"
            },
            "timeouts": null
          },
          "sensitive_attributes": [],
          "identity_schema_version": 0,
          "identity": {
            "name": "oracle-demo-vnet",
            "resource_group_name": "rg-oracle-demo",
            "subscription_id": "9993d533-2f66-4fbf-90ec-2920b3ca6051"
          },
          "private": "eyJlMmJmYjczMC1lY2FhLTExZTYtOGY4OC0zNDM2M2JjN2M0YzAiOnsiY3JlYXRlIjoxODAwMDAwMDAwMDAwLCJkZWxldGUiOjE4MDAwMDAwMDAwMDAsInJlYWQiOjMwMDAwMDAwMDAwMCwidXBkYXRlIjoxODAwMDAwMDAwMDAwfX0=",
          "dependencies": [
            "azurerm_resource_group.rg"
          ]
        }
      ]
    },
    {
      "mode": "managed",
      "type": "random_string",
      "name": "kv_suffix",
      "provider": "provider[\"registry.terraform.io/hashicorp/random\"]",
      "instances": [
        {
          "schema_version": 2,
          "attributes": {
            "id": "15ki0v",
            "keepers": null,
            "length": 6,
            "lower": true,
            "min_lower": 0,
            "min_numeric": 0,
            "min_special": 0,
            "min_upper": 0,
            "number": true,
            "numeric": true,
            "override_special": null,
            "result": "15ki0v",
            "special": false,
            "upper": false
          },
          "sensitive_attributes": [],
          "identity_schema_version": 0
        }
      ]
    },
    {
      "mode": "managed",
      "type": "random_string",
      "name": "stg",
      "provider": "provider[\"registry.terraform.io/hashicorp/random\"]",
      "instances": [
        {
          "schema_version": 2,
          "attributes": {
            "id": "ffglseq4",
            "keepers": null,
            "length": 8,
            "lower": true,
            "min_lower": 0,
            "min_numeric": 0,
            "min_special": 0,
            "min_upper": 0,
            "number": true,
            "numeric": true,
            "override_special": null,
            "result": "ffglseq4",
            "special": false,
            "upper": false
          },
          "sensitive_attributes": [],
          "identity_schema_version": 0
        }
      ]
    }
  ],
  "check_results": null
}
